
Microsoft Visual Studio Solution File, Format Version 12.00
# Visual Studio Version 17
VisualStudioVersion = 17.4.33205.214
MinimumVisualStudioVersion = 10.0.40219.1
Project("{9A19103F-16F7-4668-BE54-9A1E7A4F7556}") = "NcaaTranslator", "NcaaTranslator\NcaaTranslator.csproj", "{6CF836BA-20D8-41D0-A0BB-758A449A0C2A}"
EndProject
Project("{FAE04EC0-301F-11D3-BF4B-00C04F79EFBC}") = "OutScoreUpdater", "OutScoreUpdater\OutScoreUpdater.csproj", "{068D89C9-4763-4A90-8056-8DAA6DB91047}"
EndProject
Global
	GlobalSection(SolutionConfigurationPlatforms) = preSolution
		Debug|Any CPU = Debug|Any CPU
		Release|Any CPU = Release|Any CPU
	EndGlobalSection
	GlobalSection(ProjectConfigurationPlatforms) = postSolution
		{6CF836BA-20D8-41D0-A0BB-758A449A0C2A}.Debug|Any CPU.ActiveCfg = Debug|Any CPU
		{6CF836BA-20D8-41D0-A0BB-758A449A0C2A}.Debug|Any CPU.Build.0 = Debug|Any CPU
		{6CF836BA-20D8-41D0-A0BB-758A449A0C2A}.Release|Any CPU.ActiveCfg = Release|Any CPU
		{6CF836BA-20D8-41D0-A0BB-758A449A0C2A}.Release|Any CPU.Build.0 = Release|Any CPU
		{068D89C9-4763-4A90-8056-8DAA6DB91047}.Debug|Any CPU.ActiveCfg = Debug|Any CPU
		{068D89C9-4763-4A90-8056-8DAA6DB91047}.Debug|Any CPU.Build.0 = Debug|Any CPU
		{068D89C9-4763-4A90-8056-8DAA6DB91047}.Release|Any CPU.ActiveCfg = Release|Any CPU
		{068D89C9-4763-4A90-8056-8DAA6DB91047}.Release|Any CPU.Build.0 = Release|Any CPU
	EndGlobalSection
	GlobalSection(SolutionProperties) = preSolution
		HideSolutionNode = FALSE
	EndGlobalSection
	GlobalSection(ExtensibilityGlobals) = postSolution
		SolutionGuid = {1ACCDFC4-6CEE-4D62-A633-73AE1BFA155A}
	EndGlobalSection
EndGlobal
